// !$*UTF8*$!
{
	archiveVersion = 1;
	classes = {
	};
	objectVersion = 50;
	objects = {

/* Begin PBXBuildFile section */
		A6A2D9065070F6281F82C804 /* Pods_Git.framework in Frameworks */ = {isa = PBXBuildFile; fileRef = 3A206C9C99BC484C3C34E061 /* Pods_Git.framework */; settings = {ATTRIBUTES = (Weak, ); }; };
		BD48601C21496EF800D413D0 /* AppDelegate.swift in Sources */ = {isa = PBXBuildFile; fileRef = BD48601B21496EF800D413D0 /* AppDelegate.swift */; };
		BD48601E21496EF800D413D0 /* ViewController.swift in Sources */ = {isa = PBXBuildFile; fileRef = BD48601D21496EF800D413D0 /* ViewController.swift */; };
		BD48602121496EF800D413D0 /* Main.storyboard in Resources */ = {isa = PBXBuildFile; fileRef = BD48601F21496EF800D413D0 /* Main.storyboard */; };
		BD48602321496EFA00D413D0 /* Assets.xcassets in Resources */ = {isa = PBXBuildFile; fileRef = BD48602221496EFA00D413D0 /* Assets.xcassets */; };
		BD48602621496EFA00D413D0 /* LaunchScreen.storyboard in Resources */ = {isa = PBXBuildFile; fileRef = BD48602421496EFA00D413D0 /* LaunchScreen.storyboard */; };
		F90E7463219A31A9004620CE /* data.swift in Sources */ = {isa = PBXBuildFile; fileRef = F90E7462219A31A8004620CE /* data.swift */; };
		F90E7465219A32D4004620CE /* SwiftyJSON.swift in Sources */ = {isa = PBXBuildFile; fileRef = F90E7464219A32D3004620CE /* SwiftyJSON.swift */; };
		F90E747F219A3457004620CE /* SwiftyJSON.framework in Frameworks */ = {isa = PBXBuildFile; fileRef = F90E7472219A3402004620CE /* SwiftyJSON.framework */; settings = {ATTRIBUTES = (Required, ); }; };
		F90E7481219A38EC004620CE /* Alamofire.xcworkspace in Resources */ = {isa = PBXBuildFile; fileRef = F90E7480219A38E9004620CE /* Alamofire.xcworkspace */; };
		F92D54DB219CA766001F5571 /* FutureKit.framework in Frameworks */ = {isa = PBXBuildFile; fileRef = F92D54DA219CA766001F5571 /* FutureKit.framework */; };
		F939809C219FB4EA00E2F893 /* ML.swift in Sources */ = {isa = PBXBuildFile; fileRef = F939809B219FB4EA00E2F893 /* ML.swift */; };
		F93FC9A0215DABB700DD5D95 /* model.swift in Sources */ = {isa = PBXBuildFile; fileRef = F93FC99F215DABB700DD5D95 /* model.swift */; };
		F94041732162EA6D00B00948 /* TableViewCell.swift in Sources */ = {isa = PBXBuildFile; fileRef = F94041722162EA6D00B00948 /* TableViewCell.swift */; };
		F94041752162EA9A00B00948 /* TableViewController.swift in Sources */ = {isa = PBXBuildFile; fileRef = F94041742162EA9A00B00948 /* TableViewController.swift */; };
		F97AF5DE21A09CF8008B0849 /* AIToolbox.framework in Frameworks */ = {isa = PBXBuildFile; fileRef = F97AF5C521A09C98008B0849 /* AIToolbox.framework */; };
		F97AF5E021A0C378008B0849 /* Accelerate.framework in Frameworks */ = {isa = PBXBuildFile; fileRef = F97AF5DF21A0C378008B0849 /* Accelerate.framework */; };
		F98F1191219A2D8200DA9AFF /* Alamofire.framework in Frameworks */ = {isa = PBXBuildFile; fileRef = F98F1184219A2BAA00DA9AFF /* Alamofire.framework */; settings = {ATTRIBUTES = (Required, ); }; };
/* End PBXBuildFile section */

/* Begin PBXContainerItemProxy section */
		F90E7471219A3402004620CE /* PBXContainerItemProxy */ = {
			isa = PBXContainerItemProxy;
			containerPortal = F90E7466219A3401004620CE /* SwiftyJSON.xcodeproj */;
			proxyType = 2;
			remoteGlobalIDString = 2E4FEFDB19575BE100351305;
			remoteInfo = "SwiftyJSON iOS";
		};
		F90E7473219A3402004620CE /* PBXContainerItemProxy */ = {
			isa = PBXContainerItemProxy;
			containerPortal = F90E7466219A3401004620CE /* SwiftyJSON.xcodeproj */;
			proxyType = 2;
			remoteGlobalIDString = 2E4FEFE619575BE100351305;
			remoteInfo = "SwiftyJSON iOS Tests";
		};
		F90E7475219A3402004620CE /* PBXContainerItemProxy */ = {
			isa = PBXContainerItemProxy;
			containerPortal = F90E7466219A3401004620CE /* SwiftyJSON.xcodeproj */;
			proxyType = 2;
			remoteGlobalIDString = 9C7DFC5B1A9102BD005AA3F7;
			remoteInfo = "SwiftyJSON macOS";
		};
		F90E7477219A3402004620CE /* PBXContainerItemProxy */ = {
			isa = PBXContainerItemProxy;
			containerPortal = F90E7466219A3401004620CE /* SwiftyJSON.xcodeproj */;
			proxyType = 2;
			remoteGlobalIDString = 9C7DFC651A9102BD005AA3F7;
			remoteInfo = "SwiftyJSON macOS Tests";
		};
		F90E7479219A3402004620CE /* PBXContainerItemProxy */ = {
			isa = PBXContainerItemProxy;
			containerPortal = F90E7466219A3401004620CE /* SwiftyJSON.xcodeproj */;
			proxyType = 2;
			remoteGlobalIDString = E4D7CCE81B9465A700EE7221;
			remoteInfo = "SwiftyJSON watchOS";
		};
		F90E747B219A3402004620CE /* PBXContainerItemProxy */ = {
			isa = PBXContainerItemProxy;
			containerPortal = F90E7466219A3401004620CE /* SwiftyJSON.xcodeproj */;
			proxyType = 2;
			remoteGlobalIDString = 7236B4F61BAC14150020529B;
			remoteInfo = "SwiftyJSON tvOS";
		};
		F90E747D219A3402004620CE /* PBXContainerItemProxy */ = {
			isa = PBXContainerItemProxy;
			containerPortal = F90E7466219A3401004620CE /* SwiftyJSON.xcodeproj */;
			proxyType = 2;
			remoteGlobalIDString = A8580F741BCF5C5B00DA927B;
			remoteInfo = "SwiftyJSON tvOS Tests";
		};
		F97AF5C421A09C98008B0849 /* PBXContainerItemProxy */ = {
			isa = PBXContainerItemProxy;
			containerPortal = F97AF5BC21A09C97008B0849 /* AIToolbox.xcodeproj */;
			proxyType = 2;
			remoteGlobalIDString = 0EBA29AB1A91350C0012CEC9;
			remoteInfo = AIToolbox;
		};
		F97AF5C621A09C98008B0849 /* PBXContainerItemProxy */ = {
			isa = PBXContainerItemProxy;
			containerPortal = F97AF5BC21A09C97008B0849 /* AIToolbox.xcodeproj */;
			proxyType = 2;
			remoteGlobalIDString = 0EBA29B61A91350C0012CEC9;
			remoteInfo = AIToolboxTests;
		};
		F97AF5C821A09C98008B0849 /* PBXContainerItemProxy */ = {
			isa = PBXContainerItemProxy;
			containerPortal = F97AF5BC21A09C97008B0849 /* AIToolbox.xcodeproj */;
			proxyType = 2;
			remoteGlobalIDString = 0E0A4F931C133E8800AD5AAE;
			remoteInfo = AIToolboxIOS;
		};
		F97AF5CA21A09C98008B0849 /* PBXContainerItemProxy */ = {
			isa = PBXContainerItemProxy;
			containerPortal = F97AF5BC21A09C97008B0849 /* AIToolbox.xcodeproj */;
			proxyType = 2;
			remoteGlobalIDString = 0E0A4F9C1C133E8800AD5AAE;
			remoteInfo = AIToolboxIOSTests;
		};
		F97AF5CC21A09C98008B0849 /* PBXContainerItemProxy */ = {
			isa = PBXContainerItemProxy;
			containerPortal = F97AF5BC21A09C97008B0849 /* AIToolbox.xcodeproj */;
			proxyType = 2;
			remoteGlobalIDString = FB0D5A231CAF09230097590B;
			remoteInfo = "AIToolbox copy";
		};
		F98F1183219A2BAA00DA9AFF /* PBXContainerItemProxy */ = {
			isa = PBXContainerItemProxy;
			containerPortal = F98F1178219A2BAA00DA9AFF /* Alamofire.xcodeproj */;
			proxyType = 2;
			remoteGlobalIDString = F8111E3319A95C8B0040E7D1;
			remoteInfo = "Alamofire iOS";
		};
		F98F1185219A2BAA00DA9AFF /* PBXContainerItemProxy */ = {
			isa = PBXContainerItemProxy;
			containerPortal = F98F1178219A2BAA00DA9AFF /* Alamofire.xcodeproj */;
			proxyType = 2;
			remoteGlobalIDString = F8111E3E19A95C8B0040E7D1;
			remoteInfo = "Alamofire iOS Tests";
		};
		F98F1187219A2BAA00DA9AFF /* PBXContainerItemProxy */ = {
			isa = PBXContainerItemProxy;
			containerPortal = F98F1178219A2BAA00DA9AFF /* Alamofire.xcodeproj */;
			proxyType = 2;
			remoteGlobalIDString = 4DD67C0B1A5C55C900ED2280;
			remoteInfo = "Alamofire macOS";
		};
		F98F1189219A2BAA00DA9AFF /* PBXContainerItemProxy */ = {
			isa = PBXContainerItemProxy;
			containerPortal = F98F1178219A2BAA00DA9AFF /* Alamofire.xcodeproj */;
			proxyType = 2;
			remoteGlobalIDString = F829C6B21A7A94F100A2CD59;
			remoteInfo = "Alamofire macOS Tests";
		};
		F98F118B219A2BAA00DA9AFF /* PBXContainerItemProxy */ = {
			isa = PBXContainerItemProxy;
			containerPortal = F98F1178219A2BAA00DA9AFF /* Alamofire.xcodeproj */;
			proxyType = 2;
			remoteGlobalIDString = 4CF626EF1BA7CB3E0011A099;
			remoteInfo = "Alamofire tvOS";
		};
		F98F118D219A2BAA00DA9AFF /* PBXContainerItemProxy */ = {
			isa = PBXContainerItemProxy;
			containerPortal = F98F1178219A2BAA00DA9AFF /* Alamofire.xcodeproj */;
			proxyType = 2;
			remoteGlobalIDString = 4CF626F81BA7CB3E0011A099;
			remoteInfo = "Alamofire tvOS Tests";
		};
		F98F118F219A2BAA00DA9AFF /* PBXContainerItemProxy */ = {
			isa = PBXContainerItemProxy;
			containerPortal = F98F1178219A2BAA00DA9AFF /* Alamofire.xcodeproj */;
			proxyType = 2;
			remoteGlobalIDString = E4202FE01B667AA100C997FB;
			remoteInfo = "Alamofire watchOS";
		};
/* End PBXContainerItemProxy section */

/* Begin PBXFileReference section */
		3A206C9C99BC484C3C34E061 /* Pods_Git.framework */ = {isa = PBXFileReference; explicitFileType = wrapper.framework; includeInIndex = 0; path = Pods_Git.framework; sourceTree = BUILT_PRODUCTS_DIR; };
		7CF191B3630E8FD252BA849F /* Pods-Git.debug.xcconfig */ = {isa = PBXFileReference; includeInIndex = 1; lastKnownFileType = text.xcconfig; name = "Pods-Git.debug.xcconfig"; path = "Pods/Target Support Files/Pods-Git/Pods-Git.debug.xcconfig"; sourceTree = "<group>"; };
		B33498598B3405A6AA8EFB9E /* Pods-Git.release.xcconfig */ = {isa = PBXFileReference; includeInIndex = 1; lastKnownFileType = text.xcconfig; name = "Pods-Git.release.xcconfig"; path = "Pods/Target Support Files/Pods-Git/Pods-Git.release.xcconfig"; sourceTree = "<group>"; };
		BD48601821496EF800D413D0 /* Git.app */ = {isa = PBXFileReference; explicitFileType = wrapper.application; includeInIndex = 0; path = Git.app; sourceTree = BUILT_PRODUCTS_DIR; };
		BD48601B21496EF800D413D0 /* AppDelegate.swift */ = {isa = PBXFileReference; lastKnownFileType = sourcecode.swift; path = AppDelegate.swift; sourceTree = "<group>"; };
		BD48601D21496EF800D413D0 /* ViewController.swift */ = {isa = PBXFileReference; lastKnownFileType = sourcecode.swift; path = ViewController.swift; sourceTree = "<group>"; };
		BD48602021496EF800D413D0 /* Base */ = {isa = PBXFileReference; lastKnownFileType = file.storyboard; name = Base; path = Base.lproj/Main.storyboard; sourceTree = "<group>"; };
		BD48602221496EFA00D413D0 /* Assets.xcassets */ = {isa = PBXFileReference; lastKnownFileType = folder.assetcatalog; path = Assets.xcassets; sourceTree = "<group>"; };
		BD48602521496EFA00D413D0 /* Base */ = {isa = PBXFileReference; lastKnownFileType = file.storyboard; name = Base; path = Base.lproj/LaunchScreen.storyboard; sourceTree = "<group>"; };
		BD48602721496EFA00D413D0 /* Info.plist */ = {isa = PBXFileReference; lastKnownFileType = text.plist.xml; path = Info.plist; sourceTree = "<group>"; };
		F90E7462219A31A8004620CE /* data.swift */ = {isa = PBXFileReference; fileEncoding = 4; lastKnownFileType = sourcecode.swift; path = data.swift; sourceTree = "<group>"; };
		F90E7464219A32D3004620CE /* SwiftyJSON.swift */ = {isa = PBXFileReference; fileEncoding = 4; lastKnownFileType = sourcecode.swift; name = SwiftyJSON.swift; path = Pods/SwiftyJSON/Source/SwiftyJSON.swift; sourceTree = SOURCE_ROOT; };
		F90E7466219A3401004620CE /* SwiftyJSON.xcodeproj */ = {isa = PBXFileReference; lastKnownFileType = "wrapper.pb-project"; name = SwiftyJSON.xcodeproj; path = SwiftyJSON/SwiftyJSON.xcodeproj; sourceTree = "<group>"; };
		F90E7480219A38E9004620CE /* Alamofire.xcworkspace */ = {isa = PBXFileReference; lastKnownFileType = wrapper.workspace; name = Alamofire.xcworkspace; path = Alamofire/Alamofire.xcworkspace; sourceTree = "<group>"; };
		F92D54DA219CA766001F5571 /* FutureKit.framework */ = {isa = PBXFileReference; explicitFileType = wrapper.framework; path = FutureKit.framework; sourceTree = BUILT_PRODUCTS_DIR; };
		F939809B219FB4EA00E2F893 /* ML.swift */ = {isa = PBXFileReference; lastKnownFileType = sourcecode.swift; path = ML.swift; sourceTree = "<group>"; };
		F93FC99F215DABB700DD5D95 /* model.swift */ = {isa = PBXFileReference; lastKnownFileType = sourcecode.swift; path = model.swift; sourceTree = "<group>"; };
		F94041722162EA6D00B00948 /* TableViewCell.swift */ = {isa = PBXFileReference; lastKnownFileType = sourcecode.swift; path = TableViewCell.swift; sourceTree = "<group>"; };
		F94041742162EA9A00B00948 /* TableViewController.swift */ = {isa = PBXFileReference; lastKnownFileType = sourcecode.swift; path = TableViewController.swift; sourceTree = "<group>"; };
		F97AF5BC21A09C97008B0849 /* AIToolbox.xcodeproj */ = {isa = PBXFileReference; lastKnownFileType = "wrapper.pb-project"; name = AIToolbox.xcodeproj; path = "../../../../Downloads/AIToolbox-master/AIToolbox.xcodeproj"; sourceTree = "<group>"; };
		F97AF5DF21A0C378008B0849 /* Accelerate.framework */ = {isa = PBXFileReference; lastKnownFileType = wrapper.framework; name = Accelerate.framework; path = System/Library/Frameworks/Accelerate.framework; sourceTree = SDKROOT; };
		F98F1178219A2BAA00DA9AFF /* Alamofire.xcodeproj */ = {isa = PBXFileReference; lastKnownFileType = "wrapper.pb-project"; name = Alamofire.xcodeproj; path = Alamofire/Alamofire.xcodeproj; sourceTree = "<group>"; };
/* End PBXFileReference section */

/* Begin PBXFrameworksBuildPhase section */
		BD48601521496EF800D413D0 /* Frameworks */ = {
			isa = PBXFrameworksBuildPhase;
			buildActionMask = 2147483647;
			files = (
				F97AF5E021A0C378008B0849 /* Accelerate.framework in Frameworks */,
				F97AF5DE21A09CF8008B0849 /* AIToolbox.framework in Frameworks */,
				F92D54DB219CA766001F5571 /* FutureKit.framework in Frameworks */,
				F90E747F219A3457004620CE /* SwiftyJSON.framework in Frameworks */,
				F98F1191219A2D8200DA9AFF /* Alamofire.framework in Frameworks */,
				A6A2D9065070F6281F82C804 /* Pods_Git.framework in Frameworks */,
			);
			runOnlyForDeploymentPostprocessing = 0;
		};
/* End PBXFrameworksBuildPhase section */

/* Begin PBXGroup section */
		188809D9A16A72D00CC54B45 /* Pods */ = {
			isa = PBXGroup;
			children = (
				7CF191B3630E8FD252BA849F /* Pods-Git.debug.xcconfig */,
				B33498598B3405A6AA8EFB9E /* Pods-Git.release.xcconfig */,
			);
			name = Pods;
			sourceTree = "<group>";
		};
		B741F4DD76295FC842A2B905 /* Frameworks */ = {
			isa = PBXGroup;
			children = (
				F97AF5DF21A0C378008B0849 /* Accelerate.framework */,
				F92D54DA219CA766001F5571 /* FutureKit.framework */,
				3A206C9C99BC484C3C34E061 /* Pods_Git.framework */,
			);
			name = Frameworks;
			sourceTree = "<group>";
		};
		BD48600F21496EF800D413D0 = {
			isa = PBXGroup;
			children = (
				BD48601A21496EF800D413D0 /* Git */,
				BD48601921496EF800D413D0 /* Products */,
				188809D9A16A72D00CC54B45 /* Pods */,
				B741F4DD76295FC842A2B905 /* Frameworks */,
			);
			sourceTree = "<group>";
		};
		BD48601921496EF800D413D0 /* Products */ = {
			isa = PBXGroup;
			children = (
				BD48601821496EF800D413D0 /* Git.app */,
			);
			name = Products;
			sourceTree = "<group>";
		};
		BD48601A21496EF800D413D0 /* Git */ = {
			isa = PBXGroup;
			children = (
				F90E7480219A38E9004620CE /* Alamofire.xcworkspace */,
				F90E7464219A32D3004620CE /* SwiftyJSON.swift */,
				F90E7466219A3401004620CE /* SwiftyJSON.xcodeproj */,
				F90E7462219A31A8004620CE /* data.swift */,
				F98F1178219A2BAA00DA9AFF /* Alamofire.xcodeproj */,
				BD48601B21496EF800D413D0 /* AppDelegate.swift */,
				F97AF5BC21A09C97008B0849 /* AIToolbox.xcodeproj */,
				F93FC99F215DABB700DD5D95 /* model.swift */,
				BD48601D21496EF800D413D0 /* ViewController.swift */,
				BD48601F21496EF800D413D0 /* Main.storyboard */,
				BD48602221496EFA00D413D0 /* Assets.xcassets */,
				BD48602421496EFA00D413D0 /* LaunchScreen.storyboard */,
				BD48602721496EFA00D413D0 /* Info.plist */,
				F94041722162EA6D00B00948 /* TableViewCell.swift */,
				F94041742162EA9A00B00948 /* TableViewController.swift */,
				F939809B219FB4EA00E2F893 /* ML.swift */,
			);
			path = Git;
			sourceTree = "<group>";
		};
		F90E7467219A3401004620CE /* Products */ = {
			isa = PBXGroup;
			children = (
				F90E7472219A3402004620CE /* SwiftyJSON.framework */,
				F90E7474219A3402004620CE /* SwiftyJSON iOS Tests.xctest */,
				F90E7476219A3402004620CE /* SwiftyJSON.framework */,
				F90E7478219A3402004620CE /* SwiftyJSON macOS Tests.xctest */,
				F90E747A219A3402004620CE /* SwiftyJSON.framework */,
				F90E747C219A3402004620CE /* SwiftyJSON.framework */,
				F90E747E219A3402004620CE /* SwiftyJSON tvOS Tests.xctest */,
			);
			name = Products;
			sourceTree = "<group>";
		};
		F97AF5BD21A09C97008B0849 /* Products */ = {
			isa = PBXGroup;
			children = (
				F97AF5C521A09C98008B0849 /* AIToolbox.framework */,
				F97AF5C721A09C98008B0849 /* AIToolboxTests.xctest */,
				F97AF5C921A09C98008B0849 /* AIToolbox.framework */,
				F97AF5CB21A09C98008B0849 /* AIToolboxIOSTests.xctest */,
				F97AF5CD21A09C98008B0849 /* AIToolbox copy.framework */,
			);
			name = Products;
			sourceTree = "<group>";
		};
		F98F1179219A2BAA00DA9AFF /* Products */ = {
			isa = PBXGroup;
			children = (
				F98F1184219A2BAA00DA9AFF /* Alamofire.framework */,
				F98F1186219A2BAA00DA9AFF /* Alamofire iOS Tests.xctest */,
				F98F1188219A2BAA00DA9AFF /* Alamofire.framework */,
				F98F118A219A2BAA00DA9AFF /* Alamofire macOS Tests.xctest */,
				F98F118C219A2BAA00DA9AFF /* Alamofire.framework */,
				F98F118E219A2BAA00DA9AFF /* Alamofire tvOS Tests.xctest */,
				F98F1190219A2BAA00DA9AFF /* Alamofire.framework */,
			);
			name = Products;
			sourceTree = "<group>";
		};
/* End PBXGroup section */

/* Begin PBXNativeTarget section */
		BD48601721496EF800D413D0 /* Git */ = {
			isa = PBXNativeTarget;
			buildConfigurationList = BD48602A21496EFA00D413D0 /* Build configuration list for PBXNativeTarget "Git" */;
			buildPhases = (
				9F28A06B5D544968E033741E /* [CP] Check Pods Manifest.lock */,
				BD48601421496EF800D413D0 /* Sources */,
				BD48601521496EF800D413D0 /* Frameworks */,
				BD48601621496EF800D413D0 /* Resources */,
				72F05085FDF4174E3DA842B7 /* [CP] Embed Pods Frameworks */,
				F98F1192219A2E1B00DA9AFF /* ShellScript */,
			);
			buildRules = (
			);
			dependencies = (
			);
			name = Git;
			productName = Git;
			productReference = BD48601821496EF800D413D0 /* Git.app */;
			productType = "com.apple.product-type.application";
		};
/* End PBXNativeTarget section */

/* Begin PBXProject section */
		BD48601021496EF800D413D0 /* Project object */ = {
			isa = PBXProject;
			attributes = {
				LastSwiftUpdateCheck = 0940;
				LastUpgradeCheck = 0940;
				ORGANIZATIONNAME = "Josh Lubow";
				TargetAttributes = {
					BD48601721496EF800D413D0 = {
						CreatedOnToolsVersion = 9.4;
					};
				};
			};
			buildConfigurationList = BD48601321496EF800D413D0 /* Build configuration list for PBXProject "Git" */;
			compatibilityVersion = "Xcode 9.3";
			developmentRegion = en;
			hasScannedForEncodings = 0;
			knownRegions = (
				en,
				Base,
			);
			mainGroup = BD48600F21496EF800D413D0;
			productRefGroup = BD48601921496EF800D413D0 /* Products */;
			projectDirPath = "";
			projectReferences = (
				{
					ProductGroup = F97AF5BD21A09C97008B0849 /* Products */;
					ProjectRef = F97AF5BC21A09C97008B0849 /* AIToolbox.xcodeproj */;
				},
				{
					ProductGroup = F98F1179219A2BAA00DA9AFF /* Products */;
					ProjectRef = F98F1178219A2BAA00DA9AFF /* Alamofire.xcodeproj */;
				},
				{
					ProductGroup = F90E7467219A3401004620CE /* Products */;
					ProjectRef = F90E7466219A3401004620CE /* SwiftyJSON.xcodeproj */;
				},
			);
			projectRoot = "";
			targets = (
				BD48601721496EF800D413D0 /* Git */,
			);
		};
/* End PBXProject section */

/* Begin PBXReferenceProxy section */
		F90E7472219A3402004620CE /* SwiftyJSON.framework */ = {
			isa = PBXReferenceProxy;
			fileType = wrapper.framework;
			path = SwiftyJSON.framework;
			remoteRef = F90E7471219A3402004620CE /* PBXContainerItemProxy */;
			sourceTree = BUILT_PRODUCTS_DIR;
		};
		F90E7474219A3402004620CE /* SwiftyJSON iOS Tests.xctest */ = {
			isa = PBXReferenceProxy;
			fileType = wrapper.cfbundle;
			path = "SwiftyJSON iOS Tests.xctest";
			remoteRef = F90E7473219A3402004620CE /* PBXContainerItemProxy */;
			sourceTree = BUILT_PRODUCTS_DIR;
		};
		F90E7476219A3402004620CE /* SwiftyJSON.framework */ = {
			isa = PBXReferenceProxy;
			fileType = wrapper.framework;
			path = SwiftyJSON.framework;
			remoteRef = F90E7475219A3402004620CE /* PBXContainerItemProxy */;
			sourceTree = BUILT_PRODUCTS_DIR;
		};
		F90E7478219A3402004620CE /* SwiftyJSON macOS Tests.xctest */ = {
			isa = PBXReferenceProxy;
			fileType = wrapper.cfbundle;
			path = "SwiftyJSON macOS Tests.xctest";
			remoteRef = F90E7477219A3402004620CE /* PBXContainerItemProxy */;
			sourceTree = BUILT_PRODUCTS_DIR;
		};
		F90E747A219A3402004620CE /* SwiftyJSON.framework */ = {
			isa = PBXReferenceProxy;
			fileType = wrapper.framework;
			path = SwiftyJSON.framework;
			remoteRef = F90E7479219A3402004620CE /* PBXContainerItemProxy */;
			sourceTree = BUILT_PRODUCTS_DIR;
		};
		F90E747C219A3402004620CE /* SwiftyJSON.framework */ = {
			isa = PBXReferenceProxy;
			fileType = wrapper.framework;
			path = SwiftyJSON.framework;
			remoteRef = F90E747B219A3402004620CE /* PBXContainerItemProxy */;
			sourceTree = BUILT_PRODUCTS_DIR;
		};
		F90E747E219A3402004620CE /* SwiftyJSON tvOS Tests.xctest */ = {
			isa = PBXReferenceProxy;
			fileType = wrapper.cfbundle;
			path = "SwiftyJSON tvOS Tests.xctest";
			remoteRef = F90E747D219A3402004620CE /* PBXContainerItemProxy */;
			sourceTree = BUILT_PRODUCTS_DIR;
		};
		F97AF5C521A09C98008B0849 /* AIToolbox.framework */ = {
			isa = PBXReferenceProxy;
			fileType = wrapper.framework;
			path = AIToolbox.framework;
			remoteRef = F97AF5C421A09C98008B0849 /* PBXContainerItemProxy */;
			sourceTree = BUILT_PRODUCTS_DIR;
		};
		F97AF5C721A09C98008B0849 /* AIToolboxTests.xctest */ = {
			isa = PBXReferenceProxy;
			fileType = wrapper.cfbundle;
			path = AIToolboxTests.xctest;
			remoteRef = F97AF5C621A09C98008B0849 /* PBXContainerItemProxy */;
			sourceTree = BUILT_PRODUCTS_DIR;
		};
		F97AF5C921A09C98008B0849 /* AIToolbox.framework */ = {
			isa = PBXReferenceProxy;
			fileType = wrapper.framework;
			path = AIToolbox.framework;
			remoteRef = F97AF5C821A09C98008B0849 /* PBXContainerItemProxy */;
			sourceTree = BUILT_PRODUCTS_DIR;
		};
		F97AF5CB21A09C98008B0849 /* AIToolboxIOSTests.xctest */ = {
			isa = PBXReferenceProxy;
			fileType = wrapper.cfbundle;
			path = AIToolboxIOSTests.xctest;
			remoteRef = F97AF5CA21A09C98008B0849 /* PBXContainerItemProxy */;
			sourceTree = BUILT_PRODUCTS_DIR;
		};
		F97AF5CD21A09C98008B0849 /* AIToolbox copy.framework */ = {
			isa = PBXReferenceProxy;
			fileType = wrapper.framework;
			path = "AIToolbox copy.framework";
			remoteRef = F97AF5CC21A09C98008B0849 /* PBXContainerItemProxy */;
			sourceTree = BUILT_PRODUCTS_DIR;
		};
		F98F1184219A2BAA00DA9AFF /* Alamofire.framework */ = {
			isa = PBXReferenceProxy;
			fileType = wrapper.framework;
			path = Alamofire.framework;
			remoteRef = F98F1183219A2BAA00DA9AFF /* PBXContainerItemProxy */;
			sourceTree = BUILT_PRODUCTS_DIR;
		};
		F98F1186219A2BAA00DA9AFF /* Alamofire iOS Tests.xctest */ = {
			isa = PBXReferenceProxy;
			fileType = wrapper.cfbundle;
			path = "Alamofire iOS Tests.xctest";
			remoteRef = F98F1185219A2BAA00DA9AFF /* PBXContainerItemProxy */;
			sourceTree = BUILT_PRODUCTS_DIR;
		};
		F98F1188219A2BAA00DA9AFF /* Alamofire.framework */ = {
			isa = PBXReferenceProxy;
			fileType = wrapper.framework;
			path = Alamofire.framework;
			remoteRef = F98F1187219A2BAA00DA9AFF /* PBXContainerItemProxy */;
			sourceTree = BUILT_PRODUCTS_DIR;
		};
		F98F118A219A2BAA00DA9AFF /* Alamofire macOS Tests.xctest */ = {
			isa = PBXReferenceProxy;
			fileType = wrapper.cfbundle;
			path = "Alamofire macOS Tests.xctest";
			remoteRef = F98F1189219A2BAA00DA9AFF /* PBXContainerItemProxy */;
			sourceTree = BUILT_PRODUCTS_DIR;
		};
		F98F118C219A2BAA00DA9AFF /* Alamofire.framework */ = {
			isa = PBXReferenceProxy;
			fileType = wrapper.framework;
			path = Alamofire.framework;
			remoteRef = F98F118B219A2BAA00DA9AFF /* PBXContainerItemProxy */;
			sourceTree = BUILT_PRODUCTS_DIR;
		};
		F98F118E219A2BAA00DA9AFF /* Alamofire tvOS Tests.xctest */ = {
			isa = PBXReferenceProxy;
			fileType = wrapper.cfbundle;
			path = "Alamofire tvOS Tests.xctest";
			remoteRef = F98F118D219A2BAA00DA9AFF /* PBXContainerItemProxy */;
			sourceTree = BUILT_PRODUCTS_DIR;
		};
		F98F1190219A2BAA00DA9AFF /* Alamofire.framework */ = {
			isa = PBXReferenceProxy;
			fileType = wrapper.framework;
			path = Alamofire.framework;
			remoteRef = F98F118F219A2BAA00DA9AFF /* PBXContainerItemProxy */;
			sourceTree = BUILT_PRODUCTS_DIR;
		};
/* End PBXReferenceProxy section */

/* Begin PBXResourcesBuildPhase section */
		BD48601621496EF800D413D0 /* Resources */ = {
			isa = PBXResourcesBuildPhase;
			buildActionMask = 2147483647;
			files = (
				BD48602621496EFA00D413D0 /* LaunchScreen.storyboard in Resources */,
				F90E7481219A38EC004620CE /* Alamofire.xcworkspace in Resources */,
				BD48602321496EFA00D413D0 /* Assets.xcassets in Resources */,
				BD48602121496EF800D413D0 /* Main.storyboard in Resources */,
			);
			runOnlyForDeploymentPostprocessing = 0;
		};
/* End PBXResourcesBuildPhase section */

/* Begin PBXShellScriptBuildPhase section */
		72F05085FDF4174E3DA842B7 /* [CP] Embed Pods Frameworks */ = {
			isa = PBXShellScriptBuildPhase;
			buildActionMask = 2147483647;
			files = (
			);
			inputPaths = (
				"${SRCROOT}/Pods/Target Support Files/Pods-Git/Pods-Git-frameworks.sh",
				"${BUILT_PRODUCTS_DIR}/Alamofire/Alamofire.framework",
				"${BUILT_PRODUCTS_DIR}/FutureKit/FutureKit.framework",
				"${BUILT_PRODUCTS_DIR}/SwiftyJSON/SwiftyJSON.framework",
			);
			name = "[CP] Embed Pods Frameworks";
			outputPaths = (
				"${TARGET_BUILD_DIR}/${FRAMEWORKS_FOLDER_PATH}/Alamofire.framework",
				"${TARGET_BUILD_DIR}/${FRAMEWORKS_FOLDER_PATH}/FutureKit.framework",
				"${TARGET_BUILD_DIR}/${FRAMEWORKS_FOLDER_PATH}/SwiftyJSON.framework",
			);
			runOnlyForDeploymentPostprocessing = 0;
			shellPath = /bin/sh;
			shellScript = "\"${SRCROOT}/Pods/Target Support Files/Pods-Git/Pods-Git-frameworks.sh\"\n";
			showEnvVarsInLog = 0;
		};
		9F28A06B5D544968E033741E /* [CP] Check Pods Manifest.lock */ = {
			isa = PBXShellScriptBuildPhase;
			buildActionMask = 2147483647;
			files = (
			);
			inputPaths = (
				"${PODS_PODFILE_DIR_PATH}/Podfile.lock",
				"${PODS_ROOT}/Manifest.lock",
			);
			name = "[CP] Check Pods Manifest.lock";
			outputPaths = (
				"$(DERIVED_FILE_DIR)/Pods-Git-checkManifestLockResult.txt",
			);
			runOnlyForDeploymentPostprocessing = 0;
			shellPath = /bin/sh;
			shellScript = "diff \"${PODS_PODFILE_DIR_PATH}/Podfile.lock\" \"${PODS_ROOT}/Manifest.lock\" > /dev/null\nif [ $? != 0 ] ; then\n    # print error to STDERR\n    echo \"error: The sandbox is not in sync with the Podfile.lock. Run 'pod install' or update your CocoaPods installation.\" >&2\n    exit 1\nfi\n# This output is used by Xcode 'outputs' to avoid re-running this script phase.\necho \"SUCCESS\" > \"${SCRIPT_OUTPUT_FILE_0}\"\n";
			showEnvVarsInLog = 0;
		};
		F98F1192219A2E1B00DA9AFF /* ShellScript */ = {
			isa = PBXShellScriptBuildPhase;
			buildActionMask = 2147483647;
			files = (
			);
			inputPaths = (
				"$(SRCROOT)/myfile",
			);
			outputPaths = (
			);
			runOnlyForDeploymentPostprocessing = 0;
			shellPath = /bin/sh;
			shellScript = "";
		};
/* End PBXShellScriptBuildPhase section */

/* Begin PBXSourcesBuildPhase section */
		BD48601421496EF800D413D0 /* Sources */ = {
			isa = PBXSourcesBuildPhase;
			buildActionMask = 2147483647;
			files = (
				BD48601E21496EF800D413D0 /* ViewController.swift in Sources */,
				F90E7463219A31A9004620CE /* data.swift in Sources */,
				F94041732162EA6D00B00948 /* TableViewCell.swift in Sources */,
				F93FC9A0215DABB700DD5D95 /* model.swift in Sources */,
				F939809C219FB4EA00E2F893 /* ML.swift in Sources */,
				F94041752162EA9A00B00948 /* TableViewController.swift in Sources */,
				F90E7465219A32D4004620CE /* SwiftyJSON.swift in Sources */,
				BD48601C21496EF800D413D0 /* AppDelegate.swift in Sources */,
			);
			runOnlyForDeploymentPostprocessing = 0;
		};
/* End PBXSourcesBuildPhase section */

/* Begin PBXVariantGroup section */
		BD48601F21496EF800D413D0 /* Main.storyboard */ = {
			isa = PBXVariantGroup;
			children = (
				BD48602021496EF800D413D0 /* Base */,
			);
			name = Main.storyboard;
			sourceTree = "<group>";
		};
		BD48602421496EFA00D413D0 /* LaunchScreen.storyboard */ = {
			isa = PBXVariantGroup;
			children = (
				BD48602521496EFA00D413D0 /* Base */,
			);
			name = LaunchScreen.storyboard;
			sourceTree = "<group>";
		};
/* End PBXVariantGroup section */

/* Begin XCBuildConfiguration section */
		BD48602821496EFA00D413D0 /* Debug */ = {
			isa = XCBuildConfiguration;
			buildSettings = {
				ALWAYS_SEARCH_USER_PATHS = NO;
				CLANG_ANALYZER_NONNULL = YES;
				CLANG_ANALYZER_NUMBER_OBJECT_CONVERSION = YES_AGGRESSIVE;
				CLANG_CXX_LANGUAGE_STANDARD = "gnu++14";
				CLANG_CXX_LIBRARY = "libc++";
				CLANG_ENABLE_MODULES = YES;
				CLANG_ENABLE_OBJC_ARC = YES;
				CLANG_ENABLE_OBJC_WEAK = YES;
				CLANG_WARN_BLOCK_CAPTURE_AUTORELEASING = YES;
				CLANG_WARN_BOOL_CONVERSION = YES;
				CLANG_WARN_COMMA = YES;
				CLANG_WARN_CONSTANT_CONVERSION = YES;
				CLANG_WARN_DEPRECATED_OBJC_IMPLEMENTATIONS = YES;
				CLANG_WARN_DIRECT_OBJC_ISA_USAGE = YES_ERROR;
				CLANG_WARN_DOCUMENTATION_COMMENTS = YES;
				CLANG_WARN_EMPTY_BODY = YES;
				CLANG_WARN_ENUM_CONVERSION = YES;
				CLANG_WARN_INFINITE_RECURSION = YES;
				CLANG_WARN_INT_CONVERSION = YES;
				CLANG_WARN_NON_LITERAL_NULL_CONVERSION = YES;
				CLANG_WARN_OBJC_IMPLICIT_RETAIN_SELF = YES;
				CLANG_WARN_OBJC_LITERAL_CONVERSION = YES;
				CLANG_WARN_OBJC_ROOT_CLASS = YES_ERROR;
				CLANG_WARN_RANGE_LOOP_ANALYSIS = YES;
				CLANG_WARN_STRICT_PROTOTYPES = YES;
				CLANG_WARN_SUSPICIOUS_MOVE = YES;
				CLANG_WARN_UNGUARDED_AVAILABILITY = YES_AGGRESSIVE;
				CLANG_WARN_UNREACHABLE_CODE = YES;
				CLANG_WARN__DUPLICATE_METHOD_MATCH = YES;
				CODE_SIGN_IDENTITY = "iPhone Developer";
				COPY_PHASE_STRIP = NO;
				DEBUG_INFORMATION_FORMAT = dwarf;
				ENABLE_STRICT_OBJC_MSGSEND = YES;
				ENABLE_TESTABILITY = YES;
				GCC_C_LANGUAGE_STANDARD = gnu11;
				GCC_DYNAMIC_NO_PIC = NO;
				GCC_NO_COMMON_BLOCKS = YES;
				GCC_OPTIMIZATION_LEVEL = 0;
				GCC_PREPROCESSOR_DEFINITIONS = (
					"DEBUG=1",
					"$(inherited)",
				);
				GCC_WARN_64_TO_32_BIT_CONVERSION = YES;
				GCC_WARN_ABOUT_RETURN_TYPE = YES_ERROR;
				GCC_WARN_UNDECLARED_SELECTOR = YES;
				GCC_WARN_UNINITIALIZED_AUTOS = YES_AGGRESSIVE;
				GCC_WARN_UNUSED_FUNCTION = YES;
				GCC_WARN_UNUSED_VARIABLE = YES;
				IPHONEOS_DEPLOYMENT_TARGET = 11.4;
				MTL_ENABLE_DEBUG_INFO = YES;
				ONLY_ACTIVE_ARCH = YES;
				SDKROOT = iphoneos;
				SWIFT_ACTIVE_COMPILATION_CONDITIONS = DEBUG;
				SWIFT_OPTIMIZATION_LEVEL = "-Onone";
			};
			name = Debug;
		};
		BD48602921496EFA00D413D0 /* Release */ = {
			isa = XCBuildConfiguration;
			buildSettings = {
				ALWAYS_SEARCH_USER_PATHS = NO;
				CLANG_ANALYZER_NONNULL = YES;
				CLANG_ANALYZER_NUMBER_OBJECT_CONVERSION = YES_AGGRESSIVE;
				CLANG_CXX_LANGUAGE_STANDARD = "gnu++14";
				CLANG_CXX_LIBRARY = "libc++";
				CLANG_ENABLE_MODULES = YES;
				CLANG_ENABLE_OBJC_ARC = YES;
				CLANG_ENABLE_OBJC_WEAK = YES;
				CLANG_WARN_BLOCK_CAPTURE_AUTORELEASING = YES;
				CLANG_WARN_BOOL_CONVERSION = YES;
				CLANG_WARN_COMMA = YES;
				CLANG_WARN_CONSTANT_CONVERSION = YES;
				CLANG_WARN_DEPRECATED_OBJC_IMPLEMENTATIONS = YES;
				CLANG_WARN_DIRECT_OBJC_ISA_USAGE = YES_ERROR;
				CLANG_WARN_DOCUMENTATION_COMMENTS = YES;
				CLANG_WARN_EMPTY_BODY = YES;
				CLANG_WARN_ENUM_CONVERSION = YES;
				CLANG_WARN_INFINITE_RECURSION = YES;
				CLANG_WARN_INT_CONVERSION = YES;
				CLANG_WARN_NON_LITERAL_NULL_CONVERSION = YES;
				CLANG_WARN_OBJC_IMPLICIT_RETAIN_SELF = YES;
				CLANG_WARN_OBJC_LITERAL_CONVERSION = YES;
				CLANG_WARN_OBJC_ROOT_CLASS = YES_ERROR;
				CLANG_WARN_RANGE_LOOP_ANALYSIS = YES;
				CLANG_WARN_STRICT_PROTOTYPES = YES;
				CLANG_WARN_SUSPICIOUS_MOVE = YES;
				CLANG_WARN_UNGUARDED_AVAILABILITY = YES_AGGRESSIVE;
				CLANG_WARN_UNREACHABLE_CODE = YES;
				CLANG_WARN__DUPLICATE_METHOD_MATCH = YES;
				CODE_SIGN_IDENTITY = "iPhone Developer";
				COPY_PHASE_STRIP = NO;
				DEBUG_INFORMATION_FORMAT = "dwarf-with-dsym";
				ENABLE_NS_ASSERTIONS = NO;
				ENABLE_STRICT_OBJC_MSGSEND = YES;
				GCC_C_LANGUAGE_STANDARD = gnu11;
				GCC_NO_COMMON_BLOCKS = YES;
				GCC_WARN_64_TO_32_BIT_CONVERSION = YES;
				GCC_WARN_ABOUT_RETURN_TYPE = YES_ERROR;
				GCC_WARN_UNDECLARED_SELECTOR = YES;
				GCC_WARN_UNINITIALIZED_AUTOS = YES_AGGRESSIVE;
				GCC_WARN_UNUSED_FUNCTION = YES;
				GCC_WARN_UNUSED_VARIABLE = YES;
				IPHONEOS_DEPLOYMENT_TARGET = 11.4;
				MTL_ENABLE_DEBUG_INFO = NO;
				SDKROOT = iphoneos;
				SWIFT_COMPILATION_MODE = wholemodule;
				SWIFT_OPTIMIZATION_LEVEL = "-O";
				VALIDATE_PRODUCT = YES;
			};
			name = Release;
		};
		BD48602B21496EFA00D413D0 /* Debug */ = {
			isa = XCBuildConfiguration;
			baseConfigurationReference = 7CF191B3630E8FD252BA849F /* Pods-Git.debug.xcconfig */;
			buildSettings = {
				ASSETCATALOG_COMPILER_APPICON_NAME = AppIcon;
				CODE_SIGN_STYLE = Automatic;
				DEVELOPMENT_TEAM = F4NKD7K443;
				INFOPLIST_FILE = Git/Info.plist;
				LD_RUNPATH_SEARCH_PATHS = (
					"$(inherited)",
					"@executable_path/Frameworks",
				);
				PRODUCT_BUNDLE_IDENTIFIER = jlubow.Git;
				PRODUCT_NAME = "$(TARGET_NAME)";
				SWIFT_VERSION = 4.0;
				TARGETED_DEVICE_FAMILY = "1,2";
			};
			name = Debug;
		};
		BD48602C21496EFA00D413D0 /* Release */ = {
			isa = XCBuildConfiguration;
			baseConfigurationReference = B33498598B3405A6AA8EFB9E /* Pods-Git.release.xcconfig */;
			buildSettings = {
				ASSETCATALOG_COMPILER_APPICON_NAME = AppIcon;
				CODE_SIGN_STYLE = Automatic;
				DEVELOPMENT_TEAM = F4NKD7K443;
				INFOPLIST_FILE = Git/Info.plist;
				LD_RUNPATH_SEARCH_PATHS = (
					"$(inherited)",
					"@executable_path/Frameworks",
				);
				PRODUCT_BUNDLE_IDENTIFIER = jlubow.Git;
				PRODUCT_NAME = "$(TARGET_NAME)";
				SWIFT_VERSION = 4.0;
				TARGETED_DEVICE_FAMILY = "1,2";
			};
			name = Release;
		};
/* End XCBuildConfiguration section */

/* Begin XCConfigurationList section */
		BD48601321496EF800D413D0 /* Build configuration list for PBXProject "Git" */ = {
			isa = XCConfigurationList;
			buildConfigurations = (
				BD48602821496EFA00D413D0 /* Debug */,
				BD48602921496EFA00D413D0 /* Release */,
			);
			defaultConfigurationIsVisible = 0;
			defaultConfigurationName = Release;
		};
		BD48602A21496EFA00D413D0 /* Build configuration list for PBXNativeTarget "Git" */ = {
			isa = XCConfigurationList;
			buildConfigurations = (
				BD48602B21496EFA00D413D0 /* Debug */,
				BD48602C21496EFA00D413D0 /* Release */,
			);
			defaultConfigurationIsVisible = 0;
			defaultConfigurationName = Release;
		};
/* End XCConfigurationList section */
	};
	rootObject = BD48601021496EF800D413D0 /* Project object */;
}
